
Microsoft Visual Studio Solution File, Format Version 12.00
# Visual Studio Version 17
VisualStudioVersion = 17.0.31903.59
MinimumVisualStudioVersion = 10.0.40219.1
Project("{FAE04EC0-301F-11D3-BF4B-00C04F79EFBC}") = "MxStudioProTerminal", "MxStudioProTerminal.csproj", "{8B1A5097-918C-440B-BF3B-476600C0751B}"
EndProject
Project("{FAE04EC0-301F-11D3-BF4B-00C04F79EFBC}") = "MxStudioProTerminal.Tests", "tests\MxStudioProTerminal.Tests.csproj", "{8B0F40F7-9EBD-4B59-86EF-52B7FDA9D4D1}"
EndProject
Global
	GlobalSection(SolutionConfigurationPlatforms) = preSolution
		Debug|Any CPU = Debug|Any CPU
		Release|Any CPU = Release|Any CPU
	EndGlobalSection
	GlobalSection(SolutionProperties) = preSolution
		HideSolutionNode = FALSE
	EndGlobalSection
	GlobalSection(ProjectConfigurationPlatforms) = postSolution
		{8B1A5097-918C-440B-BF3B-476600C0751B}.Debug|Any CPU.ActiveCfg = Debug|Any CPU
		{8B1A5097-918C-440B-BF3B-476600C0751B}.Debug|Any CPU.Build.0 = Debug|Any CPU
		{8B1A5097-918C-440B-BF3B-476600C0751B}.Release|Any CPU.ActiveCfg = Release|Any CPU
		{8B1A5097-918C-440B-BF3B-476600C0751B}.Release|Any CPU.Build.0 = Release|Any CPU
		{8B0F40F7-9EBD-4B59-86EF-52B7FDA9D4D1}.Debug|Any CPU.ActiveCfg = Debug|Any CPU
		{8B0F40F7-9EBD-4B59-86EF-52B7FDA9D4D1}.Debug|Any CPU.Build.0 = Debug|Any CPU
		{8B0F40F7-9EBD-4B59-86EF-52B7FDA9D4D1}.Release|Any CPU.ActiveCfg = Release|Any CPU
		{8B0F40F7-9EBD-4B59-86EF-52B7FDA9D4D1}.Release|Any CPU.Build.0 = Release|Any CPU
	EndGlobalSection
EndGlobal
