
Microsoft Visual Studio Solution File, Format Version 12.00
# Visual Studio Version 17
VisualStudioVersion = 17.0.31903.59
MinimumVisualStudioVersion = 10.0.40219.1
Project("{FAE04EC0-301F-11D3-BF4B-00C04F79EFBC}") = "Terminal.Tests", "tests\Terminal.Tests.csproj", "{3BE5F5E4-3BAF-401F-AAC9-4789CCC6DECA}"
EndProject
Project("{2150E333-8FDC-42A3-9474-1A3956D46DE8}") = "src", "src", "{827E0CD3-B72D-47B6-A68D-7590B98EB39B}"
EndProject
Project("{FAE04EC0-301F-11D3-BF4B-00C04F79EFBC}") = "Concord.Core", "src\Concord.Core\Concord.Core.csproj", "{DE00347C-129E-416F-99BE-0B0B873F1754}"
EndProject
Project("{2150E333-8FDC-42A3-9474-1A3956D46DE8}") = "tests", "tests", "{0AB3BF05-4346-4AA6-1389-037BE0695223}"
EndProject
Project("{FAE04EC0-301F-11D3-BF4B-00C04F79EFBC}") = "Concord.Core.Tests", "tests\Concord.Core.Tests\Concord.Core.Tests.csproj", "{B61853D4-A3A6-4B67-AAD2-8F083BA32B8F}"
EndProject
Project("{FAE04EC0-301F-11D3-BF4B-00C04F79EFBC}") = "Concord.Host11x", "src\Concord.Host11x\Concord.Host11x.csproj", "{32F8CAE3-ABB9-4DE9-A6DB-843ED9ED88F1}"
EndProject
Project("{FAE04EC0-301F-11D3-BF4B-00C04F79EFBC}") = "Concord.Host10x", "src\Concord.Host10x\Concord.Host10x.csproj", "{F95348F4-24CA-4DB2-811F-FD77AF38EDA6}"
EndProject
Project("{FAE04EC0-301F-11D3-BF4B-00C04F79EFBC}") = "Concord.Shim", "src\Concord.Shim\Concord.Shim.csproj", "{A30141EE-0461-42C8-8808-D6EEC2DC08C2}"
EndProject
Project("{FAE04EC0-301F-11D3-BF4B-00C04F79EFBC}") = "Concord.Shim.Tests", "tests\Concord.Shim.Tests\Concord.Shim.Tests.csproj", "{B0C05625-48DB-49AC-87E2-A3B31DA5240E}"
EndProject
Global
	GlobalSection(SolutionConfigurationPlatforms) = preSolution
		Debug|Any CPU = Debug|Any CPU
		Debug|x64 = Debug|x64
		Debug|x86 = Debug|x86
		Release|Any CPU = Release|Any CPU
		Release|x64 = Release|x64
		Release|x86 = Release|x86
	EndGlobalSection
	GlobalSection(ProjectConfigurationPlatforms) = postSolution
		{3BE5F5E4-3BAF-401F-AAC9-4789CCC6DECA}.Debug|Any CPU.ActiveCfg = Debug|Any CPU
		{3BE5F5E4-3BAF-401F-AAC9-4789CCC6DECA}.Debug|Any CPU.Build.0 = Debug|Any CPU
		{3BE5F5E4-3BAF-401F-AAC9-4789CCC6DECA}.Debug|x64.ActiveCfg = Debug|Any CPU
		{3BE5F5E4-3BAF-401F-AAC9-4789CCC6DECA}.Debug|x64.Build.0 = Debug|Any CPU
		{3BE5F5E4-3BAF-401F-AAC9-4789CCC6DECA}.Debug|x86.ActiveCfg = Debug|Any CPU
		{3BE5F5E4-3BAF-401F-AAC9-4789CCC6DECA}.Debug|x86.Build.0 = Debug|Any CPU
		{3BE5F5E4-3BAF-401F-AAC9-4789CCC6DECA}.Release|Any CPU.ActiveCfg = Release|Any CPU
		{3BE5F5E4-3BAF-401F-AAC9-4789CCC6DECA}.Release|Any CPU.Build.0 = Release|Any CPU
		{3BE5F5E4-3BAF-401F-AAC9-4789CCC6DECA}.Release|x64.ActiveCfg = Release|Any CPU
		{3BE5F5E4-3BAF-401F-AAC9-4789CCC6DECA}.Release|x64.Build.0 = Release|Any CPU
		{3BE5F5E4-3BAF-401F-AAC9-4789CCC6DECA}.Release|x86.ActiveCfg = Release|Any CPU
		{3BE5F5E4-3BAF-401F-AAC9-4789CCC6DECA}.Release|x86.Build.0 = Release|Any CPU
		{DE00347C-129E-416F-99BE-0B0B873F1754}.Debug|Any CPU.ActiveCfg = Debug|Any CPU
		{DE00347C-129E-416F-99BE-0B0B873F1754}.Debug|Any CPU.Build.0 = Debug|Any CPU
		{DE00347C-129E-416F-99BE-0B0B873F1754}.Debug|x64.ActiveCfg = Debug|Any CPU
		{DE00347C-129E-416F-99BE-0B0B873F1754}.Debug|x64.Build.0 = Debug|Any CPU
		{DE00347C-129E-416F-99BE-0B0B873F1754}.Debug|x86.ActiveCfg = Debug|Any CPU
		{DE00347C-129E-416F-99BE-0B0B873F1754}.Debug|x86.Build.0 = Debug|Any CPU
		{DE00347C-129E-416F-99BE-0B0B873F1754}.Release|Any CPU.ActiveCfg = Release|Any CPU
		{DE00347C-129E-416F-99BE-0B0B873F1754}.Release|Any CPU.Build.0 = Release|Any CPU
		{DE00347C-129E-416F-99BE-0B0B873F1754}.Release|x64.ActiveCfg = Release|Any CPU
		{DE00347C-129E-416F-99BE-0B0B873F1754}.Release|x64.Build.0 = Release|Any CPU
		{DE00347C-129E-416F-99BE-0B0B873F1754}.Release|x86.ActiveCfg = Release|Any CPU
		{DE00347C-129E-416F-99BE-0B0B873F1754}.Release|x86.Build.0 = Release|Any CPU
		{B61853D4-A3A6-4B67-AAD2-8F083BA32B8F}.Debug|Any CPU.ActiveCfg = Debug|Any CPU
		{B61853D4-A3A6-4B67-AAD2-8F083BA32B8F}.Debug|Any CPU.Build.0 = Debug|Any CPU
		{B61853D4-A3A6-4B67-AAD2-8F083BA32B8F}.Debug|x64.ActiveCfg = Debug|Any CPU
		{B61853D4-A3A6-4B67-AAD2-8F083BA32B8F}.Debug|x64.Build.0 = Debug|Any CPU
		{B61853D4-A3A6-4B67-AAD2-8F083BA32B8F}.Debug|x86.ActiveCfg = Debug|Any CPU
		{B61853D4-A3A6-4B67-AAD2-8F083BA32B8F}.Debug|x86.Build.0 = Debug|Any CPU
		{B61853D4-A3A6-4B67-AAD2-8F083BA32B8F}.Release|Any CPU.ActiveCfg = Release|Any CPU
		{B61853D4-A3A6-4B67-AAD2-8F083BA32B8F}.Release|Any CPU.Build.0 = Release|Any CPU
		{B61853D4-A3A6-4B67-AAD2-8F083BA32B8F}.Release|x64.ActiveCfg = Release|Any CPU
		{B61853D4-A3A6-4B67-AAD2-8F083BA32B8F}.Release|x64.Build.0 = Release|Any CPU
		{B61853D4-A3A6-4B67-AAD2-8F083BA32B8F}.Release|x86.ActiveCfg = Release|Any CPU
		{B61853D4-A3A6-4B67-AAD2-8F083BA32B8F}.Release|x86.Build.0 = Release|Any CPU
		{32F8CAE3-ABB9-4DE9-A6DB-843ED9ED88F1}.Debug|Any CPU.ActiveCfg = Debug|Any CPU
		{32F8CAE3-ABB9-4DE9-A6DB-843ED9ED88F1}.Debug|Any CPU.Build.0 = Debug|Any CPU
		{32F8CAE3-ABB9-4DE9-A6DB-843ED9ED88F1}.Debug|x64.ActiveCfg = Debug|Any CPU
		{32F8CAE3-ABB9-4DE9-A6DB-843ED9ED88F1}.Debug|x64.Build.0 = Debug|Any CPU
		{32F8CAE3-ABB9-4DE9-A6DB-843ED9ED88F1}.Debug|x86.ActiveCfg = Debug|Any CPU
		{32F8CAE3-ABB9-4DE9-A6DB-843ED9ED88F1}.Debug|x86.Build.0 = Debug|Any CPU
		{32F8CAE3-ABB9-4DE9-A6DB-843ED9ED88F1}.Release|Any CPU.ActiveCfg = Release|Any CPU
		{32F8CAE3-ABB9-4DE9-A6DB-843ED9ED88F1}.Release|Any CPU.Build.0 = Release|Any CPU
		{32F8CAE3-ABB9-4DE9-A6DB-843ED9ED88F1}.Release|x64.ActiveCfg = Release|Any CPU
		{32F8CAE3-ABB9-4DE9-A6DB-843ED9ED88F1}.Release|x64.Build.0 = Release|Any CPU
		{32F8CAE3-ABB9-4DE9-A6DB-843ED9ED88F1}.Release|x86.ActiveCfg = Release|Any CPU
		{32F8CAE3-ABB9-4DE9-A6DB-843ED9ED88F1}.Release|x86.Build.0 = Release|Any CPU
		{F95348F4-24CA-4DB2-811F-FD77AF38EDA6}.Debug|Any CPU.ActiveCfg = Debug|Any CPU
		{F95348F4-24CA-4DB2-811F-FD77AF38EDA6}.Debug|Any CPU.Build.0 = Debug|Any CPU
		{F95348F4-24CA-4DB2-811F-FD77AF38EDA6}.Debug|x64.ActiveCfg = Debug|Any CPU
		{F95348F4-24CA-4DB2-811F-FD77AF38EDA6}.Debug|x64.Build.0 = Debug|Any CPU
		{F95348F4-24CA-4DB2-811F-FD77AF38EDA6}.Debug|x86.ActiveCfg = Debug|Any CPU
		{F95348F4-24CA-4DB2-811F-FD77AF38EDA6}.Debug|x86.Build.0 = Debug|Any CPU
		{F95348F4-24CA-4DB2-811F-FD77AF38EDA6}.Release|Any CPU.ActiveCfg = Release|Any CPU
		{F95348F4-24CA-4DB2-811F-FD77AF38EDA6}.Release|Any CPU.Build.0 = Release|Any CPU
		{F95348F4-24CA-4DB2-811F-FD77AF38EDA6}.Release|x64.ActiveCfg = Release|Any CPU
		{F95348F4-24CA-4DB2-811F-FD77AF38EDA6}.Release|x64.Build.0 = Release|Any CPU
		{F95348F4-24CA-4DB2-811F-FD77AF38EDA6}.Release|x86.ActiveCfg = Release|Any CPU
		{F95348F4-24CA-4DB2-811F-FD77AF38EDA6}.Release|x86.Build.0 = Release|Any CPU
		{A30141EE-0461-42C8-8808-D6EEC2DC08C2}.Debug|Any CPU.ActiveCfg = Debug|Any CPU
		{A30141EE-0461-42C8-8808-D6EEC2DC08C2}.Debug|Any CPU.Build.0 = Debug|Any CPU
		{A30141EE-0461-42C8-8808-D6EEC2DC08C2}.Debug|x64.ActiveCfg = Debug|Any CPU
		{A30141EE-0461-42C8-8808-D6EEC2DC08C2}.Debug|x64.Build.0 = Debug|Any CPU
		{A30141EE-0461-42C8-8808-D6EEC2DC08C2}.Debug|x86.ActiveCfg = Debug|Any CPU
		{A30141EE-0461-42C8-8808-D6EEC2DC08C2}.Debug|x86.Build.0 = Debug|Any CPU
		{A30141EE-0461-42C8-8808-D6EEC2DC08C2}.Release|Any CPU.ActiveCfg = Release|Any CPU
		{A30141EE-0461-42C8-8808-D6EEC2DC08C2}.Release|Any CPU.Build.0 = Release|Any CPU
		{A30141EE-0461-42C8-8808-D6EEC2DC08C2}.Release|x64.ActiveCfg = Release|Any CPU
		{A30141EE-0461-42C8-8808-D6EEC2DC08C2}.Release|x64.Build.0 = Release|Any CPU
		{A30141EE-0461-42C8-8808-D6EEC2DC08C2}.Release|x86.ActiveCfg = Release|Any CPU
		{A30141EE-0461-42C8-8808-D6EEC2DC08C2}.Release|x86.Build.0 = Release|Any CPU
		{B0C05625-48DB-49AC-87E2-A3B31DA5240E}.Debug|Any CPU.ActiveCfg = Debug|Any CPU
		{B0C05625-48DB-49AC-87E2-A3B31DA5240E}.Debug|Any CPU.Build.0 = Debug|Any CPU
		{B0C05625-48DB-49AC-87E2-A3B31DA5240E}.Debug|x64.ActiveCfg = Debug|Any CPU
		{B0C05625-48DB-49AC-87E2-A3B31DA5240E}.Debug|x64.Build.0 = Debug|Any CPU
		{B0C05625-48DB-49AC-87E2-A3B31DA5240E}.Debug|x86.ActiveCfg = Debug|Any CPU
		{B0C05625-48DB-49AC-87E2-A3B31DA5240E}.Debug|x86.Build.0 = Debug|Any CPU
		{B0C05625-48DB-49AC-87E2-A3B31DA5240E}.Release|Any CPU.ActiveCfg = Release|Any CPU
		{B0C05625-48DB-49AC-87E2-A3B31DA5240E}.Release|Any CPU.Build.0 = Release|Any CPU
		{B0C05625-48DB-49AC-87E2-A3B31DA5240E}.Release|x64.ActiveCfg = Release|Any CPU
		{B0C05625-48DB-49AC-87E2-A3B31DA5240E}.Release|x64.Build.0 = Release|Any CPU
		{B0C05625-48DB-49AC-87E2-A3B31DA5240E}.Release|x86.ActiveCfg = Release|Any CPU
		{B0C05625-48DB-49AC-87E2-A3B31DA5240E}.Release|x86.Build.0 = Release|Any CPU
	EndGlobalSection
	GlobalSection(SolutionProperties) = preSolution
		HideSolutionNode = FALSE
	EndGlobalSection
	GlobalSection(NestedProjects) = preSolution
		{DE00347C-129E-416F-99BE-0B0B873F1754} = {827E0CD3-B72D-47B6-A68D-7590B98EB39B}
		{B61853D4-A3A6-4B67-AAD2-8F083BA32B8F} = {0AB3BF05-4346-4AA6-1389-037BE0695223}
		{32F8CAE3-ABB9-4DE9-A6DB-843ED9ED88F1} = {827E0CD3-B72D-47B6-A68D-7590B98EB39B}
		{F95348F4-24CA-4DB2-811F-FD77AF38EDA6} = {827E0CD3-B72D-47B6-A68D-7590B98EB39B}
		{A30141EE-0461-42C8-8808-D6EEC2DC08C2} = {827E0CD3-B72D-47B6-A68D-7590B98EB39B}
		{B0C05625-48DB-49AC-87E2-A3B31DA5240E} = {0AB3BF05-4346-4AA6-1389-037BE0695223}
	EndGlobalSection
EndGlobal
